
Microsoft Visual Studio Solution File, Format Version 12.00
Project("{FAE04EC0-301F-11D3-BF4B-00C04F79EFBC}") = "BioAnalyzer.AppHost", "BioAnalyzer.AppHost\BioAnalyzer.AppHost.csproj", "{5AE81E85-6EEC-45EB-BA74-3D8A58DB643E}"
EndProject
Project("{FAE04EC0-301F-11D3-BF4B-00C04F79EFBC}") = "BioAnalyzer.ServiceDefaults", "BioAnalyzer.ServiceDefaults\BioAnalyzer.ServiceDefaults.csproj", "{3F5E4A79-0B89-4513-93F9-8C5C895FFC45}"
EndProject
Project("{FAE04EC0-301F-11D3-BF4B-00C04F79EFBC}") = "BioAnalyzer.Research.Api", "BioAnalyzer.Research.Api\BioAnalyzer.Research.Api.csproj", "{016F5C27-AA42-437B-A556-49B4AB9B0AC0}"
EndProject
Project("{FAE04EC0-301F-11D3-BF4B-00C04F79EFBC}") = "BioAnalyzer.App", "BioAnalyzer.App\BioAnalyzer.App.csproj", "{0F0990E6-7C76-413F-BC19-8C2E4926E9D0}"
EndProject
Project("{FAE04EC0-301F-11D3-BF4B-00C04F79EFBC}") = "BioAnalyzer.EventHandlers", "BioAnalyzer.EventHandlers\BioAnalyzer.EventHandlers.csproj", "{F2CC3E96-A3C3-4177-B60F-AA9A92A50C9D}"
EndProject
Project("{FAE04EC0-301F-11D3-BF4B-00C04F79EFBC}") = "BioAnalyzer.AzureStorage.Contracts", "BioAnalyzer.AzureStorage.Contracts\BioAnalyzer.AzureStorage.Contracts.csproj", "{D19E42DE-2E0F-416E-B74B-5AB7972CC884}"
EndProject
Project("{FAE04EC0-301F-11D3-BF4B-00C04F79EFBC}") = "BioAnalyzer.AzureStorage", "BioAnalyzer.AzureStorage\BioAnalyzer.AzureStorage.csproj", "{559B9548-2AAB-42B9-A220-DA7D1503B93C}"
EndProject
Global
	GlobalSection(SolutionConfigurationPlatforms) = preSolution
		Debug|Any CPU = Debug|Any CPU
		Release|Any CPU = Release|Any CPU
	EndGlobalSection
	GlobalSection(ProjectConfigurationPlatforms) = postSolution
		{5AE81E85-6EEC-45EB-BA74-3D8A58DB643E}.Debug|Any CPU.ActiveCfg = Debug|Any CPU
		{5AE81E85-6EEC-45EB-BA74-3D8A58DB643E}.Debug|Any CPU.Build.0 = Debug|Any CPU
		{5AE81E85-6EEC-45EB-BA74-3D8A58DB643E}.Release|Any CPU.ActiveCfg = Release|Any CPU
		{5AE81E85-6EEC-45EB-BA74-3D8A58DB643E}.Release|Any CPU.Build.0 = Release|Any CPU
		{3F5E4A79-0B89-4513-93F9-8C5C895FFC45}.Debug|Any CPU.ActiveCfg = Debug|Any CPU
		{3F5E4A79-0B89-4513-93F9-8C5C895FFC45}.Debug|Any CPU.Build.0 = Debug|Any CPU
		{3F5E4A79-0B89-4513-93F9-8C5C895FFC45}.Release|Any CPU.ActiveCfg = Release|Any CPU
		{3F5E4A79-0B89-4513-93F9-8C5C895FFC45}.Release|Any CPU.Build.0 = Release|Any CPU
		{016F5C27-AA42-437B-A556-49B4AB9B0AC0}.Debug|Any CPU.ActiveCfg = Debug|Any CPU
		{016F5C27-AA42-437B-A556-49B4AB9B0AC0}.Debug|Any CPU.Build.0 = Debug|Any CPU
		{016F5C27-AA42-437B-A556-49B4AB9B0AC0}.Release|Any CPU.ActiveCfg = Release|Any CPU
		{016F5C27-AA42-437B-A556-49B4AB9B0AC0}.Release|Any CPU.Build.0 = Release|Any CPU
		{0F0990E6-7C76-413F-BC19-8C2E4926E9D0}.Debug|Any CPU.ActiveCfg = Debug|Any CPU
		{0F0990E6-7C76-413F-BC19-8C2E4926E9D0}.Debug|Any CPU.Build.0 = Debug|Any CPU
		{0F0990E6-7C76-413F-BC19-8C2E4926E9D0}.Release|Any CPU.ActiveCfg = Release|Any CPU
		{0F0990E6-7C76-413F-BC19-8C2E4926E9D0}.Release|Any CPU.Build.0 = Release|Any CPU
		{F2CC3E96-A3C3-4177-B60F-AA9A92A50C9D}.Debug|Any CPU.ActiveCfg = Debug|Any CPU
		{F2CC3E96-A3C3-4177-B60F-AA9A92A50C9D}.Debug|Any CPU.Build.0 = Debug|Any CPU
		{F2CC3E96-A3C3-4177-B60F-AA9A92A50C9D}.Release|Any CPU.ActiveCfg = Release|Any CPU
		{F2CC3E96-A3C3-4177-B60F-AA9A92A50C9D}.Release|Any CPU.Build.0 = Release|Any CPU
		{D19E42DE-2E0F-416E-B74B-5AB7972CC884}.Debug|Any CPU.ActiveCfg = Debug|Any CPU
		{D19E42DE-2E0F-416E-B74B-5AB7972CC884}.Debug|Any CPU.Build.0 = Debug|Any CPU
		{D19E42DE-2E0F-416E-B74B-5AB7972CC884}.Release|Any CPU.ActiveCfg = Release|Any CPU
		{D19E42DE-2E0F-416E-B74B-5AB7972CC884}.Release|Any CPU.Build.0 = Release|Any CPU
		{559B9548-2AAB-42B9-A220-DA7D1503B93C}.Debug|Any CPU.ActiveCfg = Debug|Any CPU
		{559B9548-2AAB-42B9-A220-DA7D1503B93C}.Debug|Any CPU.Build.0 = Debug|Any CPU
		{559B9548-2AAB-42B9-A220-DA7D1503B93C}.Release|Any CPU.ActiveCfg = Release|Any CPU
		{559B9548-2AAB-42B9-A220-DA7D1503B93C}.Release|Any CPU.Build.0 = Release|Any CPU
	EndGlobalSection
EndGlobal
